
Microsoft Visual Studio Solution File, Format Version 12.00
# Visual Studio 2013
VisualStudioVersion = 12.0.31101.0
MinimumVisualStudioVersion = 10.0.40219.1
Project("{2150E333-8FDC-42A3-9474-1A3956D46DE8}") = "Clients", "Clients", "{2406635C-D099-40DB-A057-F20DB9E44E78}"
EndProject
Project("{2150E333-8FDC-42A3-9474-1A3956D46DE8}") = ".nuget", ".nuget", "{C17A6FA2-5D15-4E51-BA28-FB8FBD8E4E63}"
	ProjectSection(SolutionItems) = preProject
		.nuget\NuGet.Config = .nuget\NuGet.Config
		.nuget\NuGet.exe = .nuget\NuGet.exe
		.nuget\NuGet.targets = .nuget\NuGet.targets
	EndProjectSection
EndProject
Project("{FAE04EC0-301F-11D3-BF4B-00C04F79EFBC}") = "DataManager", "DataManager\DataManager.csproj", "{A4EB3891-1817-4A48-9F6E-DFC8F53B5E80}"
EndProject
Project("{FAE04EC0-301F-11D3-BF4B-00C04F79EFBC}") = "API", "API\API.csproj", "{B061CB9E-C7A7-42B3-8C53-38192C862B60}"
EndProject
Project("{FAE04EC0-301F-11D3-BF4B-00C04F79EFBC}") = "TestClient", "TestClient\TestClient.csproj", "{41616F01-5462-444D-B1A7-552199796D52}"
EndProject
Project("{FAE04EC0-301F-11D3-BF4B-00C04F79EFBC}") = "APIWrapper", "APIWrapper\APIWrapper.csproj", "{6111F210-7E71-4492-9480-9B3B3D27DE2C}"
EndProject
Project("{FAE04EC0-301F-11D3-BF4B-00C04F79EFBC}") = "EventMonitor", "EventMonitor\EventMonitor.csproj", "{46985BAD-389A-42E8-81BF-4200C2DD4127}"
EndProject
Project("{FAE04EC0-301F-11D3-BF4B-00C04F79EFBC}") = "Hub", "Hub\Hub.csproj", "{935CA35A-EABE-48C7-9785-8A4BA869CA80}"
EndProject
Project("{FAE04EC0-301F-11D3-BF4B-00C04F79EFBC}") = "CDN", "CDN\CDN.csproj", "{BE2216BA-D224-4450-9A41-4FD13B03284D}"
EndProject
Project("{2150E333-8FDC-42A3-9474-1A3956D46DE8}") = "Backend", "Backend", "{69EE86C5-6B83-43E6-8C24-45BB8F2C5DA2}"
EndProject
Project("{FAE04EC0-301F-11D3-BF4B-00C04F79EFBC}") = "Player", "Player\Player.csproj", "{422FF24E-27DD-4652-BD81-988068F41F66}"
EndProject
Project("{FAE04EC0-301F-11D3-BF4B-00C04F79EFBC}") = "Client", "Client\Client.csproj", "{2C76E1C7-1EBC-448D-8761-1321EE10A21B}"
EndProject
Global
	GlobalSection(SolutionConfigurationPlatforms) = preSolution
		Debug|Any CPU = Debug|Any CPU
		Release|Any CPU = Release|Any CPU
	EndGlobalSection
	GlobalSection(ProjectConfigurationPlatforms) = postSolution
		{A4EB3891-1817-4A48-9F6E-DFC8F53B5E80}.Debug|Any CPU.ActiveCfg = Debug|Any CPU
		{A4EB3891-1817-4A48-9F6E-DFC8F53B5E80}.Debug|Any CPU.Build.0 = Debug|Any CPU
		{A4EB3891-1817-4A48-9F6E-DFC8F53B5E80}.Release|Any CPU.ActiveCfg = Release|Any CPU
		{A4EB3891-1817-4A48-9F6E-DFC8F53B5E80}.Release|Any CPU.Build.0 = Release|Any CPU
		{B061CB9E-C7A7-42B3-8C53-38192C862B60}.Debug|Any CPU.ActiveCfg = Debug|Any CPU
		{B061CB9E-C7A7-42B3-8C53-38192C862B60}.Debug|Any CPU.Build.0 = Debug|Any CPU
		{B061CB9E-C7A7-42B3-8C53-38192C862B60}.Release|Any CPU.ActiveCfg = Release|Any CPU
		{B061CB9E-C7A7-42B3-8C53-38192C862B60}.Release|Any CPU.Build.0 = Release|Any CPU
		{41616F01-5462-444D-B1A7-552199796D52}.Debug|Any CPU.ActiveCfg = Debug|Any CPU
		{41616F01-5462-444D-B1A7-552199796D52}.Debug|Any CPU.Build.0 = Debug|Any CPU
		{41616F01-5462-444D-B1A7-552199796D52}.Release|Any CPU.ActiveCfg = Release|Any CPU
		{41616F01-5462-444D-B1A7-552199796D52}.Release|Any CPU.Build.0 = Release|Any CPU
		{6111F210-7E71-4492-9480-9B3B3D27DE2C}.Debug|Any CPU.ActiveCfg = Debug|Any CPU
		{6111F210-7E71-4492-9480-9B3B3D27DE2C}.Debug|Any CPU.Build.0 = Debug|Any CPU
		{6111F210-7E71-4492-9480-9B3B3D27DE2C}.Release|Any CPU.ActiveCfg = Release|Any CPU
		{6111F210-7E71-4492-9480-9B3B3D27DE2C}.Release|Any CPU.Build.0 = Release|Any CPU
		{46985BAD-389A-42E8-81BF-4200C2DD4127}.Debug|Any CPU.ActiveCfg = Debug|Any CPU
		{46985BAD-389A-42E8-81BF-4200C2DD4127}.Debug|Any CPU.Build.0 = Debug|Any CPU
		{46985BAD-389A-42E8-81BF-4200C2DD4127}.Release|Any CPU.ActiveCfg = Release|Any CPU
		{46985BAD-389A-42E8-81BF-4200C2DD4127}.Release|Any CPU.Build.0 = Release|Any CPU
		{935CA35A-EABE-48C7-9785-8A4BA869CA80}.Debug|Any CPU.ActiveCfg = Debug|Any CPU
		{935CA35A-EABE-48C7-9785-8A4BA869CA80}.Debug|Any CPU.Build.0 = Debug|Any CPU
		{935CA35A-EABE-48C7-9785-8A4BA869CA80}.Release|Any CPU.ActiveCfg = Release|Any CPU
		{935CA35A-EABE-48C7-9785-8A4BA869CA80}.Release|Any CPU.Build.0 = Release|Any CPU
		{BE2216BA-D224-4450-9A41-4FD13B03284D}.Debug|Any CPU.ActiveCfg = Debug|Any CPU
		{BE2216BA-D224-4450-9A41-4FD13B03284D}.Debug|Any CPU.Build.0 = Debug|Any CPU
		{BE2216BA-D224-4450-9A41-4FD13B03284D}.Release|Any CPU.ActiveCfg = Release|Any CPU
		{BE2216BA-D224-4450-9A41-4FD13B03284D}.Release|Any CPU.Build.0 = Release|Any CPU
		{422FF24E-27DD-4652-BD81-988068F41F66}.Debug|Any CPU.ActiveCfg = Debug|Any CPU
		{422FF24E-27DD-4652-BD81-988068F41F66}.Debug|Any CPU.Build.0 = Debug|Any CPU
		{422FF24E-27DD-4652-BD81-988068F41F66}.Release|Any CPU.ActiveCfg = Release|Any CPU
		{422FF24E-27DD-4652-BD81-988068F41F66}.Release|Any CPU.Build.0 = Release|Any CPU
		{2C76E1C7-1EBC-448D-8761-1321EE10A21B}.Debug|Any CPU.ActiveCfg = Debug|Any CPU
		{2C76E1C7-1EBC-448D-8761-1321EE10A21B}.Debug|Any CPU.Build.0 = Debug|Any CPU
		{2C76E1C7-1EBC-448D-8761-1321EE10A21B}.Release|Any CPU.ActiveCfg = Release|Any CPU
		{2C76E1C7-1EBC-448D-8761-1321EE10A21B}.Release|Any CPU.Build.0 = Release|Any CPU
	EndGlobalSection
	GlobalSection(SolutionProperties) = preSolution
		HideSolutionNode = FALSE
	EndGlobalSection
	GlobalSection(NestedProjects) = preSolution
		{A4EB3891-1817-4A48-9F6E-DFC8F53B5E80} = {69EE86C5-6B83-43E6-8C24-45BB8F2C5DA2}
		{B061CB9E-C7A7-42B3-8C53-38192C862B60} = {69EE86C5-6B83-43E6-8C24-45BB8F2C5DA2}
		{41616F01-5462-444D-B1A7-552199796D52} = {69EE86C5-6B83-43E6-8C24-45BB8F2C5DA2}
		{6111F210-7E71-4492-9480-9B3B3D27DE2C} = {69EE86C5-6B83-43E6-8C24-45BB8F2C5DA2}
		{46985BAD-389A-42E8-81BF-4200C2DD4127} = {69EE86C5-6B83-43E6-8C24-45BB8F2C5DA2}
		{935CA35A-EABE-48C7-9785-8A4BA869CA80} = {69EE86C5-6B83-43E6-8C24-45BB8F2C5DA2}
		{422FF24E-27DD-4652-BD81-988068F41F66} = {2406635C-D099-40DB-A057-F20DB9E44E78}
		{2C76E1C7-1EBC-448D-8761-1321EE10A21B} = {2406635C-D099-40DB-A057-F20DB9E44E78}
	EndGlobalSection
EndGlobal
